// !$*UTF8*$!
{
	archiveVersion = 1;
	classes = {
	};
	objectVersion = 50;
	objects = {

/* Begin PBXBuildFile section */
		0A652D12261D417E00750348 /* AppDelegate.swift in Sources */ = {isa = PBXBuildFile; fileRef = 0A652D11261D417E00750348 /* AppDelegate.swift */; };
		0A652D14261D417E00750348 /* SceneDelegate.swift in Sources */ = {isa = PBXBuildFile; fileRef = 0A652D13261D417E00750348 /* SceneDelegate.swift */; };
		0A652D16261D417E00750348 /* ViewController.swift in Sources */ = {isa = PBXBuildFile; fileRef = 0A652D15261D417E00750348 /* ViewController.swift */; };
		0A652D19261D417E00750348 /* Main.storyboard in Resources */ = {isa = PBXBuildFile; fileRef = 0A652D17261D417E00750348 /* Main.storyboard */; };
		0A652D1B261D418000750348 /* Assets.xcassets in Resources */ = {isa = PBXBuildFile; fileRef = 0A652D1A261D418000750348 /* Assets.xcassets */; };
		0A652D1E261D418000750348 /* LaunchScreen.storyboard in Resources */ = {isa = PBXBuildFile; fileRef = 0A652D1C261D418000750348 /* LaunchScreen.storyboard */; };
		0A652D29261D418000750348 /* AsyncAwaitTests.swift in Sources */ = {isa = PBXBuildFile; fileRef = 0A652D28261D418000750348 /* AsyncAwaitTests.swift */; };
		0A652D34261D418000750348 /* AsyncAwaitUITests.swift in Sources */ = {isa = PBXBuildFile; fileRef = 0A652D33261D418000750348 /* AsyncAwaitUITests.swift */; };
/* End PBXBuildFile section */

/* Begin PBXContainerItemProxy section */
		0A652D25261D418000750348 /* PBXContainerItemProxy */ = {
			isa = PBXContainerItemProxy;
			containerPortal = 0A652D06261D417E00750348 /* Project object */;
			proxyType = 1;
			remoteGlobalIDString = 0A652D0D261D417E00750348;
			remoteInfo = AsyncAwait;
		};
		0A652D30261D418000750348 /* PBXContainerItemProxy */ = {
			isa = PBXContainerItemProxy;
			containerPortal = 0A652D06261D417E00750348 /* Project object */;
			proxyType = 1;
			remoteGlobalIDString = 0A652D0D261D417E00750348;
			remoteInfo = AsyncAwait;
		};
/* End PBXContainerItemProxy section */

/* Begin PBXFileReference section */
		0A652D0E261D417E00750348 /* AsyncAwait.app */ = {isa = PBXFileReference; explicitFileType = wrapper.application; includeInIndex = 0; path = AsyncAwait.app; sourceTree = BUILT_PRODUCTS_DIR; };
		0A652D11261D417E00750348 /* AppDelegate.swift */ = {isa = PBXFileReference; lastKnownFileType = sourcecode.swift; path = AppDelegate.swift; sourceTree = "<group>"; };
		0A652D13261D417E00750348 /* SceneDelegate.swift */ = {isa = PBXFileReference; lastKnownFileType = sourcecode.swift; path = SceneDelegate.swift; sourceTree = "<group>"; };
		0A652D15261D417E00750348 /* ViewController.swift */ = {isa = PBXFileReference; lastKnownFileType = sourcecode.swift; path = ViewController.swift; sourceTree = "<group>"; };
		0A652D18261D417E00750348 /* Base */ = {isa = PBXFileReference; lastKnownFileType = file.storyboard; name = Base; path = Base.lproj/Main.storyboard; sourceTree = "<group>"; };
		0A652D1A261D418000750348 /* Assets.xcassets */ = {isa = PBXFileReference; lastKnownFileType = folder.assetcatalog; path = Assets.xcassets; sourceTree = "<group>"; };
		0A652D1D261D418000750348 /* Base */ = {isa = PBXFileReference; lastKnownFileType = file.storyboard; name = Base; path = Base.lproj/LaunchScreen.storyboard; sourceTree = "<group>"; };
		0A652D1F261D418000750348 /* Info.plist */ = {isa = PBXFileReference; lastKnownFileType = text.plist.xml; path = Info.plist; sourceTree = "<group>"; };
		0A652D24261D418000750348 /* AsyncAwaitTests.xctest */ = {isa = PBXFileReference; explicitFileType = wrapper.cfbundle; includeInIndex = 0; path = AsyncAwaitTests.xctest; sourceTree = BUILT_PRODUCTS_DIR; };
		0A652D28261D418000750348 /* AsyncAwaitTests.swift */ = {isa = PBXFileReference; lastKnownFileType = sourcecode.swift; path = AsyncAwaitTests.swift; sourceTree = "<group>"; };
		0A652D2A261D418000750348 /* Info.plist */ = {isa = PBXFileReference; lastKnownFileType = text.plist.xml; path = Info.plist; sourceTree = "<group>"; };
		0A652D2F261D418000750348 /* AsyncAwaitUITests.xctest */ = {isa = PBXFileReference; explicitFileType = wrapper.cfbundle; includeInIndex = 0; path = AsyncAwaitUITests.xctest; sourceTree = BUILT_PRODUCTS_DIR; };
		0A652D33261D418000750348 /* AsyncAwaitUITests.swift */ = {isa = PBXFileReference; lastKnownFileType = sourcecode.swift; path = AsyncAwaitUITests.swift; sourceTree = "<group>"; };
		0A652D35261D418000750348 /* Info.plist */ = {isa = PBXFileReference; lastKnownFileType = text.plist.xml; path = Info.plist; sourceTree = "<group>"; };
/* End PBXFileReference section */

/* Begin PBXFrameworksBuildPhase section */
		0A652D0B261D417E00750348 /* Frameworks */ = {
			isa = PBXFrameworksBuildPhase;
			buildActionMask = 2147483647;
			files = (
			);
			runOnlyForDeploymentPostprocessing = 0;
		};
		0A652D21261D418000750348 /* Frameworks */ = {
			isa = PBXFrameworksBuildPhase;
			buildActionMask = 2147483647;
			files = (
			);
			runOnlyForDeploymentPostprocessing = 0;
		};
		0A652D2C261D418000750348 /* Frameworks */ = {
			isa = PBXFrameworksBuildPhase;
			buildActionMask = 2147483647;
			files = (
			);
			runOnlyForDeploymentPostprocessing = 0;
		};
/* End PBXFrameworksBuildPhase section */

/* Begin PBXGroup section */
		0A652D05261D417E00750348 = {
			isa = PBXGroup;
			children = (
				0A652D10261D417E00750348 /* AsyncAwait */,
				0A652D27261D418000750348 /* AsyncAwaitTests */,
				0A652D32261D418000750348 /* AsyncAwaitUITests */,
				0A652D0F261D417E00750348 /* Products */,
			);
			sourceTree = "<group>";
		};
		0A652D0F261D417E00750348 /* Products */ = {
			isa = PBXGroup;
			children = (
				0A652D0E261D417E00750348 /* AsyncAwait.app */,
				0A652D24261D418000750348 /* AsyncAwaitTests.xctest */,
				0A652D2F261D418000750348 /* AsyncAwaitUITests.xctest */,
			);
			name = Products;
			sourceTree = "<group>";
		};
		0A652D10261D417E00750348 /* AsyncAwait */ = {
			isa = PBXGroup;
			children = (
				0A652D11261D417E00750348 /* AppDelegate.swift */,
				0A652D13261D417E00750348 /* SceneDelegate.swift */,
				0A652D15261D417E00750348 /* ViewController.swift */,
				0A652D17261D417E00750348 /* Main.storyboard */,
				0A652D1A261D418000750348 /* Assets.xcassets */,
				0A652D1C261D418000750348 /* LaunchScreen.storyboard */,
				0A652D1F261D418000750348 /* Info.plist */,
			);
			path = AsyncAwait;
			sourceTree = "<group>";
		};
		0A652D27261D418000750348 /* AsyncAwaitTests */ = {
			isa = PBXGroup;
			children = (
				0A652D28261D418000750348 /* AsyncAwaitTests.swift */,
				0A652D2A261D418000750348 /* Info.plist */,
			);
			path = AsyncAwaitTests;
			sourceTree = "<group>";
		};
		0A652D32261D418000750348 /* AsyncAwaitUITests */ = {
			isa = PBXGroup;
			children = (
				0A652D33261D418000750348 /* AsyncAwaitUITests.swift */,
				0A652D35261D418000750348 /* Info.plist */,
			);
			path = AsyncAwaitUITests;
			sourceTree = "<group>";
		};
/* End PBXGroup section */

/* Begin PBXNativeTarget section */
		0A652D0D261D417E00750348 /* AsyncAwait */ = {
			isa = PBXNativeTarget;
			buildConfigurationList = 0A652D38261D418000750348 /* Build configuration list for PBXNativeTarget "AsyncAwait" */;
			buildPhases = (
				0A652D0A261D417E00750348 /* Sources */,
				0A652D0B261D417E00750348 /* Frameworks */,
				0A652D0C261D417E00750348 /* Resources */,
			);
			buildRules = (
			);
			dependencies = (
			);
			name = AsyncAwait;
			productName = AsyncAwait;
			productReference = 0A652D0E261D417E00750348 /* AsyncAwait.app */;
			productType = "com.apple.product-type.application";
		};
		0A652D23261D418000750348 /* AsyncAwaitTests */ = {
			isa = PBXNativeTarget;
			buildConfigurationList = 0A652D3B261D418000750348 /* Build configuration list for PBXNativeTarget "AsyncAwaitTests" */;
			buildPhases = (
				0A652D20261D418000750348 /* Sources */,
				0A652D21261D418000750348 /* Frameworks */,
				0A652D22261D418000750348 /* Resources */,
			);
			buildRules = (
			);
			dependencies = (
				0A652D26261D418000750348 /* PBXTargetDependency */,
			);
			name = AsyncAwaitTests;
			productName = AsyncAwaitTests;
			productReference = 0A652D24261D418000750348 /* AsyncAwaitTests.xctest */;
			productType = "com.apple.product-type.bundle.unit-test";
		};
		0A652D2E261D418000750348 /* AsyncAwaitUITests */ = {
			isa = PBXNativeTarget;
			buildConfigurationList = 0A652D3E261D418000750348 /* Build configuration list for PBXNativeTarget "AsyncAwaitUITests" */;
			buildPhases = (
				0A652D2B261D418000750348 /* Sources */,
				0A652D2C261D418000750348 /* Frameworks */,
				0A652D2D261D418000750348 /* Resources */,
			);
			buildRules = (
			);
			dependencies = (
				0A652D31261D418000750348 /* PBXTargetDependency */,
			);
			name = AsyncAwaitUITests;
			productName = AsyncAwaitUITests;
			productReference = 0A652D2F261D418000750348 /* AsyncAwaitUITests.xctest */;
			productType = "com.apple.product-type.bundle.ui-testing";
		};
/* End PBXNativeTarget section */

/* Begin PBXProject section */
		0A652D06261D417E00750348 /* Project object */ = {
			isa = PBXProject;
			attributes = {
				LastSwiftUpdateCheck = 1220;
				LastUpgradeCheck = 1220;
				TargetAttributes = {
					0A652D0D261D417E00750348 = {
						CreatedOnToolsVersion = 12.2;
					};
					0A652D23261D418000750348 = {
						CreatedOnToolsVersion = 12.2;
						TestTargetID = 0A652D0D261D417E00750348;
					};
					0A652D2E261D418000750348 = {
						CreatedOnToolsVersion = 12.2;
						TestTargetID = 0A652D0D261D417E00750348;
					};
				};
			};
			buildConfigurationList = 0A652D09261D417E00750348 /* Build configuration list for PBXProject "AsyncAwait" */;
			compatibilityVersion = "Xcode 9.3";
			developmentRegion = en;
			hasScannedForEncodings = 0;
			knownRegions = (
				en,
				Base,
			);
			mainGroup = 0A652D05261D417E00750348;
			productRefGroup = 0A652D0F261D417E00750348 /* Products */;
			projectDirPath = "";
			projectRoot = "";
			targets = (
				0A652D0D261D417E00750348 /* AsyncAwait */,
				0A652D23261D418000750348 /* AsyncAwaitTests */,
				0A652D2E261D418000750348 /* AsyncAwaitUITests */,
			);
		};
/* End PBXProject section */

/* Begin PBXResourcesBuildPhase section */
		0A652D0C261D417E00750348 /* Resources */ = {
			isa = PBXResourcesBuildPhase;
			buildActionMask = 2147483647;
			files = (
				0A652D1E261D418000750348 /* LaunchScreen.storyboard in Resources */,
				0A652D1B261D418000750348 /* Assets.xcassets in Resources */,
				0A652D19261D417E00750348 /* Main.storyboard in Resources */,
			);
			runOnlyForDeploymentPostprocessing = 0;
		};
		0A652D22261D418000750348 /* Resources */ = {
			isa = PBXResourcesBuildPhase;
			buildActionMask = 2147483647;
			files = (
			);
			runOnlyForDeploymentPostprocessing = 0;
		};
		0A652D2D261D418000750348 /* Resources */ = {
			isa = PBXResourcesBuildPhase;
			buildActionMask = 2147483647;
			files = (
			);
			runOnlyForDeploymentPostprocessing = 0;
		};
/* End PBXResourcesBuildPhase section */

/* Begin PBXSourcesBuildPhase section */
		0A652D0A261D417E00750348 /* Sources */ = {
			isa = PBXSourcesBuildPhase;
			buildActionMask = 2147483647;
			files = (
				0A652D16261D417E00750348 /* ViewController.swift in Sources */,
				0A652D12261D417E00750348 /* AppDelegate.swift in Sources */,
				0A652D14261D417E00750348 /* SceneDelegate.swift in Sources */,
			);
			runOnlyForDeploymentPostprocessing = 0;
		};
		0A652D20261D418000750348 /* Sources */ = {
			isa = PBXSourcesBuildPhase;
			buildActionMask = 2147483647;
			files = (
				0A652D29261D418000750348 /* AsyncAwaitTests.swift in Sources */,
			);
			runOnlyForDeploymentPostprocessing = 0;
		};
		0A652D2B261D418000750348 /* Sources */ = {
			isa = PBXSourcesBuildPhase;
			buildActionMask = 2147483647;
			files = (
				0A652D34261D418000750348 /* AsyncAwaitUITests.swift in Sources */,
			);
			runOnlyForDeploymentPostprocessing = 0;
		};
/* End PBXSourcesBuildPhase section */

/* Begin PBXTargetDependency section */
		0A652D26261D418000750348 /* PBXTargetDependency */ = {
			isa = PBXTargetDependency;
			target = 0A652D0D261D417E00750348 /* AsyncAwait */;
			targetProxy = 0A652D25261D418000750348 /* PBXContainerItemProxy */;
		};
		0A652D31261D418000750348 /* PBXTargetDependency */ = {
			isa = PBXTargetDependency;
			target = 0A652D0D261D417E00750348 /* AsyncAwait */;
			targetProxy = 0A652D30261D418000750348 /* PBXContainerItemProxy */;
		};
/* End PBXTargetDependency section */

/* Begin PBXVariantGroup section */
		0A652D17261D417E00750348 /* Main.storyboard */ = {
			isa = PBXVariantGroup;
			children = (
				0A652D18261D417E00750348 /* Base */,
			);
			name = Main.storyboard;
			sourceTree = "<group>";
		};
		0A652D1C261D418000750348 /* LaunchScreen.storyboard */ = {
			isa = PBXVariantGroup;
			children = (
				0A652D1D261D418000750348 /* Base */,
			);
			name = LaunchScreen.storyboard;
			sourceTree = "<group>";
		};
/* End PBXVariantGroup section */

/* Begin XCBuildConfiguration section */
		0A652D36261D418000750348 /* Debug */ = {
			isa = XCBuildConfiguration;
			buildSettings = {
				ALWAYS_SEARCH_USER_PATHS = NO;
				CLANG_ANALYZER_NONNULL = YES;
				CLANG_ANALYZER_NUMBER_OBJECT_CONVERSION = YES_AGGRESSIVE;
				CLANG_CXX_LANGUAGE_STANDARD = "gnu++14";
				CLANG_CXX_LIBRARY = "libc++";
				CLANG_ENABLE_MODULES = YES;
				CLANG_ENABLE_OBJC_ARC = YES;
				CLANG_ENABLE_OBJC_WEAK = YES;
				CLANG_WARN_BLOCK_CAPTURE_AUTORELEASING = YES;
				CLANG_WARN_BOOL_CONVERSION = YES;
				CLANG_WARN_COMMA = YES;
				CLANG_WARN_CONSTANT_CONVERSION = YES;
				CLANG_WARN_DEPRECATED_OBJC_IMPLEMENTATIONS = YES;
				CLANG_WARN_DIRECT_OBJC_ISA_USAGE = YES_ERROR;
				CLANG_WARN_DOCUMENTATION_COMMENTS = YES;
				CLANG_WARN_EMPTY_BODY = YES;
				CLANG_WARN_ENUM_CONVERSION = YES;
				CLANG_WARN_INFINITE_RECURSION = YES;
				CLANG_WARN_INT_CONVERSION = YES;
				CLANG_WARN_NON_LITERAL_NULL_CONVERSION = YES;
				CLANG_WARN_OBJC_IMPLICIT_RETAIN_SELF = YES;
				CLANG_WARN_OBJC_LITERAL_CONVERSION = YES;
				CLANG_WARN_OBJC_ROOT_CLASS = YES_ERROR;
				CLANG_WARN_QUOTED_INCLUDE_IN_FRAMEWORK_HEADER = YES;
				CLANG_WARN_RANGE_LOOP_ANALYSIS = YES;
				CLANG_WARN_STRICT_PROTOTYPES = YES;
				CLANG_WARN_SUSPICIOUS_MOVE = YES;
				CLANG_WARN_UNGUARDED_AVAILABILITY = YES_AGGRESSIVE;
				CLANG_WARN_UNREACHABLE_CODE = YES;
				CLANG_WARN__DUPLICATE_METHOD_MATCH = YES;
				COPY_PHASE_STRIP = NO;
				DEBUG_INFORMATION_FORMAT = dwarf;
				ENABLE_STRICT_OBJC_MSGSEND = YES;
				ENABLE_TESTABILITY = YES;
				GCC_C_LANGUAGE_STANDARD = gnu11;
				GCC_DYNAMIC_NO_PIC = NO;
				GCC_NO_COMMON_BLOCKS = YES;
				GCC_OPTIMIZATION_LEVEL = 0;
				GCC_PREPROCESSOR_DEFINITIONS = (
					"DEBUG=1",
					"$(inherited)",
				);
				GCC_WARN_64_TO_32_BIT_CONVERSION = YES;
				GCC_WARN_ABOUT_RETURN_TYPE = YES_ERROR;
				GCC_WARN_UNDECLARED_SELECTOR = YES;
				GCC_WARN_UNINITIALIZED_AUTOS = YES_AGGRESSIVE;
				GCC_WARN_UNUSED_FUNCTION = YES;
				GCC_WARN_UNUSED_VARIABLE = YES;
				IPHONEOS_DEPLOYMENT_TARGET = 14.2;
				MTL_ENABLE_DEBUG_INFO = INCLUDE_SOURCE;
				MTL_FAST_MATH = YES;
				ONLY_ACTIVE_ARCH = YES;
				SDKROOT = iphoneos;
				SWIFT_ACTIVE_COMPILATION_CONDITIONS = DEBUG;
				SWIFT_OPTIMIZATION_LEVEL = "-Onone";
			};
			name = Debug;
		};
		0A652D37261D418000750348 /* Release */ = {
			isa = XCBuildConfiguration;
			buildSettings = {
				ALWAYS_SEARCH_USER_PATHS = NO;
				CLANG_ANALYZER_NONNULL = YES;
				CLANG_ANALYZER_NUMBER_OBJECT_CONVERSION = YES_AGGRESSIVE;
				CLANG_CXX_LANGUAGE_STANDARD = "gnu++14";
				CLANG_CXX_LIBRARY = "libc++";
				CLANG_ENABLE_MODULES = YES;
				CLANG_ENABLE_OBJC_ARC = YES;
				CLANG_ENABLE_OBJC_WEAK = YES;
				CLANG_WARN_BLOCK_CAPTURE_AUTORELEASING = YES;
				CLANG_WARN_BOOL_CONVERSION = YES;
				CLANG_WARN_COMMA = YES;
				CLANG_WARN_CONSTANT_CONVERSION = YES;
				CLANG_WARN_DEPRECATED_OBJC_IMPLEMENTATIONS = YES;
				CLANG_WARN_DIRECT_OBJC_ISA_USAGE = YES_ERROR;
				CLANG_WARN_DOCUMENTATION_COMMENTS = YES;
				CLANG_WARN_EMPTY_BODY = YES;
				CLANG_WARN_ENUM_CONVERSION = YES;
				CLANG_WARN_INFINITE_RECURSION = YES;
				CLANG_WARN_INT_CONVERSION = YES;
				CLANG_WARN_NON_LITERAL_NULL_CONVERSION = YES;
				CLANG_WARN_OBJC_IMPLICIT_RETAIN_SELF = YES;
				CLANG_WARN_OBJC_LITERAL_CONVERSION = YES;
				CLANG_WARN_OBJC_ROOT_CLASS = YES_ERROR;
				CLANG_WARN_QUOTED_INCLUDE_IN_FRAMEWORK_HEADER = YES;
				CLANG_WARN_RANGE_LOOP_ANALYSIS = YES;
				CLANG_WARN_STRICT_PROTOTYPES = YES;
				CLANG_WARN_SUSPICIOUS_MOVE = YES;
				CLANG_WARN_UNGUARDED_AVAILABILITY = YES_AGGRESSIVE;
				CLANG_WARN_UNREACHABLE_CODE = YES;
				CLANG_WARN__DUPLICATE_METHOD_MATCH = YES;
				COPY_PHASE_STRIP = NO;
				DEBUG_INFORMATION_FORMAT = "dwarf-with-dsym";
				ENABLE_NS_ASSERTIONS = NO;
				ENABLE_STRICT_OBJC_MSGSEND = YES;
				GCC_C_LANGUAGE_STANDARD = gnu11;
				GCC_NO_COMMON_BLOCKS = YES;
				GCC_WARN_64_TO_32_BIT_CONVERSION = YES;
				GCC_WARN_ABOUT_RETURN_TYPE = YES_ERROR;
				GCC_WARN_UNDECLARED_SELECTOR = YES;
				GCC_WARN_UNINITIALIZED_AUTOS = YES_AGGRESSIVE;
				GCC_WARN_UNUSED_FUNCTION = YES;
				GCC_WARN_UNUSED_VARIABLE = YES;
				IPHONEOS_DEPLOYMENT_TARGET = 14.2;
				MTL_ENABLE_DEBUG_INFO = NO;
				MTL_FAST_MATH = YES;
				SDKROOT = iphoneos;
				SWIFT_COMPILATION_MODE = wholemodule;
				SWIFT_OPTIMIZATION_LEVEL = "-O";
				VALIDATE_PRODUCT = YES;
			};
			name = Release;
		};
		0A652D39261D418000750348 /* Debug */ = {
			isa = XCBuildConfiguration;
			buildSettings = {
				ASSETCATALOG_COMPILER_APPICON_NAME = AppIcon;
				ASSETCATALOG_COMPILER_GLOBAL_ACCENT_COLOR_NAME = AccentColor;
				CODE_SIGN_STYLE = Automatic;
				INFOPLIST_FILE = AsyncAwait/Info.plist;
				LD_RUNPATH_SEARCH_PATHS = (
					"$(inherited)",
					"@executable_path/Frameworks",
				);
				PRODUCT_BUNDLE_IDENTIFIER = johnconnolly.AsyncAwait;
				PRODUCT_NAME = "$(TARGET_NAME)";
				SWIFT_VERSION = 5.0;
				TARGETED_DEVICE_FAMILY = "1,2";
			};
			name = Debug;
		};
		0A652D3A261D418000750348 /* Release */ = {
			isa = XCBuildConfiguration;
			buildSettings = {
				ASSETCATALOG_COMPILER_APPICON_NAME = AppIcon;
				ASSETCATALOG_COMPILER_GLOBAL_ACCENT_COLOR_NAME = AccentColor;
				CODE_SIGN_STYLE = Automatic;
				INFOPLIST_FILE = AsyncAwait/Info.plist;
				LD_RUNPATH_SEARCH_PATHS = (
					"$(inherited)",
					"@executable_path/Frameworks",
				);
				PRODUCT_BUNDLE_IDENTIFIER = johnconnolly.AsyncAwait;
				PRODUCT_NAME = "$(TARGET_NAME)";
				SWIFT_VERSION = 5.0;
				TARGETED_DEVICE_FAMILY = "1,2";
			};
			name = Release;
		};
		0A652D3C261D418000750348 /* Debug */ = {
			isa = XCBuildConfiguration;
			buildSettings = {
				ALWAYS_EMBED_SWIFT_STANDARD_LIBRARIES = YES;
				BUNDLE_LOADER = "$(TEST_HOST)";
				CODE_SIGN_STYLE = Automatic;
				INFOPLIST_FILE = AsyncAwaitTests/Info.plist;
				IPHONEOS_DEPLOYMENT_TARGET = 14.2;
				LD_RUNPATH_SEARCH_PATHS = (
					"$(inherited)",
					"@executable_path/Frameworks",
					"@loader_path/Frameworks",
				);
				PRODUCT_BUNDLE_IDENTIFIER = johnconnolly.AsyncAwaitTests;
				PRODUCT_NAME = "$(TARGET_NAME)";
				SWIFT_VERSION = 5.0;
				TARGETED_DEVICE_FAMILY = "1,2";
				TEST_HOST = "$(BUILT_PRODUCTS_DIR)/AsyncAwait.app/AsyncAwait";
			};
			name = Debug;
		};
		0A652D3D261D418000750348 /* Release */ = {
			isa = XCBuildConfiguration;
			buildSettings = {
				ALWAYS_EMBED_SWIFT_STANDARD_LIBRARIES = YES;
				BUNDLE_LOADER = "$(TEST_HOST)";
				CODE_SIGN_STYLE = Automatic;
				INFOPLIST_FILE = AsyncAwaitTests/Info.plist;
				IPHONEOS_DEPLOYMENT_TARGET = 14.2;
				LD_RUNPATH_SEARCH_PATHS = (
					"$(inherited)",
					"@executable_path/Frameworks",
					"@loader_path/Frameworks",
				);
				PRODUCT_BUNDLE_IDENTIFIER = johnconnolly.AsyncAwaitTests;
				PRODUCT_NAME = "$(TARGET_NAME)";
				SWIFT_VERSION = 5.0;
				TARGETED_DEVICE_FAMILY = "1,2";
				TEST_HOST = "$(BUILT_PRODUCTS_DIR)/AsyncAwait.app/AsyncAwait";
			};
			name = Release;
		};
		0A652D3F261D418000750348 /* Debug */ = {
			isa = XCBuildConfiguration;
			buildSettings = {
				ALWAYS_EMBED_SWIFT_STANDARD_LIBRARIES = YES;
				CODE_SIGN_STYLE = Automatic;
				INFOPLIST_FILE = AsyncAwaitUITests/Info.plist;
				LD_RUNPATH_SEARCH_PATHS = (
					"$(inherited)",
					"@executable_path/Frameworks",
					"@loader_path/Frameworks",
				);
				PRODUCT_BUNDLE_IDENTIFIER = johnconnolly.AsyncAwaitUITests;
				PRODUCT_NAME = "$(TARGET_NAME)";
				SWIFT_VERSION = 5.0;
				TARGETED_DEVICE_FAMILY = "1,2";
				TEST_TARGET_NAME = AsyncAwait;
			};
			name = Debug;
		};
		0A652D40261D418000750348 /* Release */ = {
			isa = XCBuildConfiguration;
			buildSettings = {
				ALWAYS_EMBED_SWIFT_STANDARD_LIBRARIES = YES;
				CODE_SIGN_STYLE = Automatic;
				INFOPLIST_FILE = AsyncAwaitUITests/Info.plist;
				LD_RUNPATH_SEARCH_PATHS = (
					"$(inherited)",
					"@executable_path/Frameworks",
					"@loader_path/Frameworks",
				);
				PRODUCT_BUNDLE_IDENTIFIER = johnconnolly.AsyncAwaitUITests;
				PRODUCT_NAME = "$(TARGET_NAME)";
				SWIFT_VERSION = 5.0;
				TARGETED_DEVICE_FAMILY = "1,2";
				TEST_TARGET_NAME = AsyncAwait;
			};
			name = Release;
		};
/* End XCBuildConfiguration section */

/* Begin XCConfigurationList section */
		0A652D09261D417E00750348 /* Build configuration list for PBXProject "AsyncAwait" */ = {
			isa = XCConfigurationList;
			buildConfigurations = (
				0A652D36261D418000750348 /* Debug */,
				0A652D37261D418000750348 /* Release */,
			);
			defaultConfigurationIsVisible = 0;
			defaultConfigurationName = Release;
		};
		0A652D38261D418000750348 /* Build configuration list for PBXNativeTarget "AsyncAwait" */ = {
			isa = XCConfigurationList;
			buildConfigurations = (
				0A652D39261D418000750348 /* Debug */,
				0A652D3A261D418000750348 /* Release */,
			);
			defaultConfigurationIsVisible = 0;
			defaultConfigurationName = Release;
		};
		0A652D3B261D418000750348 /* Build configuration list for PBXNativeTarget "AsyncAwaitTests" */ = {
			isa = XCConfigurationList;
			buildConfigurations = (
				0A652D3C261D418000750348 /* Debug */,
				0A652D3D261D418000750348 /* Release */,
			);
			defaultConfigurationIsVisible = 0;
			defaultConfigurationName = Release;
		};
		0A652D3E261D418000750348 /* Build configuration list for PBXNativeTarget "AsyncAwaitUITests" */ = {
			isa = XCConfigurationList;
			buildConfigurations = (
				0A652D3F261D418000750348 /* Debug */,
				0A652D40261D418000750348 /* Release */,
			);
			defaultConfigurationIsVisible = 0;
			defaultConfigurationName = Release;
		};
/* End XCConfigurationList section */
	};
	rootObject = 0A652D06261D417E00750348 /* Project object */;
}
